
Microsoft Visual Studio Solution File, Format Version 12.00
# Visual Studio 15
Project("{FAE04EC0-301F-11D3-BF4B-00C04F79EFBC}") = "Project_Firestick", "Project_Firestick.csproj", "{943F12A2-171A-C09B-9071-7CFA37F9C0E2}"
EndProject
Project("{FAE04EC0-301F-11D3-BF4B-00C04F79EFBC}") = "Project_Firestick.Editor", "Project_Firestick.Editor.csproj", "{01D7127C-B1B1-FB0E-0D13-E89BC8EA3A3C}"
EndProject
Global
	GlobalSection(SolutionConfigurationPlatforms) = preSolution
		Debug|Any CPU = Debug|Any CPU
		Release|Any CPU = Release|Any CPU
	EndGlobalSection
	GlobalSection(ProjectConfigurationPlatforms) = postSolution
		{943F12A2-171A-C09B-9071-7CFA37F9C0E2}.Debug|Any CPU.ActiveCfg = Debug|Any CPU
		{943F12A2-171A-C09B-9071-7CFA37F9C0E2}.Debug|Any CPU.Build.0 = Debug|Any CPU
		{943F12A2-171A-C09B-9071-7CFA37F9C0E2}.Release|Any CPU.ActiveCfg = Release|Any CPU
		{943F12A2-171A-C09B-9071-7CFA37F9C0E2}.Release|Any CPU.Build.0 = Release|Any CPU
		{01D7127C-B1B1-FB0E-0D13-E89BC8EA3A3C}.Debug|Any CPU.ActiveCfg = Debug|Any CPU
		{01D7127C-B1B1-FB0E-0D13-E89BC8EA3A3C}.Debug|Any CPU.Build.0 = Debug|Any CPU
		{01D7127C-B1B1-FB0E-0D13-E89BC8EA3A3C}.Release|Any CPU.ActiveCfg = Release|Any CPU
		{01D7127C-B1B1-FB0E-0D13-E89BC8EA3A3C}.Release|Any CPU.Build.0 = Release|Any CPU
	EndGlobalSection
	GlobalSection(SolutionProperties) = preSolution
		HideSolutionNode = FALSE
	EndGlobalSection
EndGlobal
